lockfileVersion: '9.0'

settings:
  autoInstallPeers: true
  excludeLinksFromLockfile: false

importers:

  .:
    devDependencies:
      ace-builds:
        specifier: 1.44.0
        version: 1.44.0
      apca-w3:
        specifier: 0.1.9
        version: 0.1.9
      culori:
        specifier: ^4.0.2
        version: 4.0.2
      playwright:
        specifier: ^1.64.0
        version: 1.64.0
      postcss:
        specifier: ^8.5.29
        version: 8.5.29
      postcss-value-parser:
        specifier: ^4.2.0
        version: 4.2.0
      svgo:
        specifier: ^4.1.0
        version: 4.1.0

packages:

  ace-builds@1.44.0:
    resolution: {integrity: sha512-PFNMSYqFdEUkul2Ntud0HvA09AgY+F1ag0UYdpMH60wNI/qOA8cB8tlTgoALMEwIdUPJK2CjrIQ7OnbiSS/ugQ==}

  apca-w3@0.1.9:
    resolution: {integrity: sha512-Zrf6AeBeQjNe/fxK7U1jCo5zfdjDl6T4/kdw5Xlky3G7u+EJTZkyItjMYQGtwf9pkftsINxcYyOpuLkzKf1ITQ==}

  boolbase@1.0.0:
    resolution: {integrity: sha512-JZOSA7Mo9sNGB8+UjSgzdLtokWAky1zbztM3WRLCbZ70/3cTANmQmOdR7y2g+J0e2WXywy1yS468tY+IruqEww==}

  colorparsley@0.1.8:
    resolution: {integrity: sha512-rObESTTTE6G5qO5WFwFxWPggpw4KfpxnLC6Ssl8bITBnNVRhDsyCeTRAUxWQNVTx2pRknKlO2nddYTxjkdNFaw==}

  commander@11.1.0:
    resolution: {integrity: sha512-yPVavfyCcRhmorC7rWlkHn15b4wDVgVmBA7kV4QVBsF7kv/9TKJAbAXVTxvTnwP8HHKjRCJDClKbciiYS7p0DQ==}
    engines: {node: '>=16'}

  css-select@6.0.0:
    resolution: {integrity: sha512-rZZVSLle8v0+EY8QAkDWrKhpgt6SA5OtHsgBnsj6ZaLb5dmDVOWUDtQitd9ydxxvEjhewNudS6eTVU7uOyzvXw==}

  css-tree@2.2.1:
    resolution: {integrity: sha512-OA0mILzGc1kCOCSJerOeqDxDQ4HOh+G8NbOJFOTgOCzpw7fCBubk0fEyxp8AgOL/jvLgYA/uV0cMbe43ElF1JA==}
    engines: {node: ^10 || ^12.20.0 || ^14.13.0 || >=15.0.0, npm: '>=7.0.0'}

  css-tree@3.2.1:
    resolution: {integrity: sha512-X7sjQzceUhu1u7Y/ylrRZFU2FS6LRiFVp6rKLPg23y3x3c3DOKAwuXGDp+PAGjh6CSnCjYeAul8pcT8bAl+lSA==}
    engines: {node: ^10 || ^12.20.0 || ^14.13.0 || >=15.0.0}

  css-what@7.0.0:
    resolution: {integrity: sha512-wD5oz5xibMOPHzy13CyGmogB3phdvcDaB5t0W/Nr5Z2O/agcB8YwOz6e2Lsp10pNDzBoDO9nVa3RGs/2BttpHQ==}
    engines: {node: '>= 6'}

  csso@5.0.5:
    resolution: {integrity: sha512-0LrrStPOdJj+SPCCrGhzryycLjwcgUSHBtxNA8aIDxf0GLsRh1cKYhB00Gd1lDOS4yGH69+SNn13+TWbVHETFQ==}
    engines: {node: ^10 || ^12.20.0 || ^14.13.0 || >=15.0.0, npm: '>=7.0.0'}

  culori@4.0.2:
    resolution: {integrity: sha512-1+BhOB8ahCn4O0cep0Sh2l9KCOfOdY+BXJnKMHFFzDEouSr/el18QwXEMRlOj9UY5nCeA8UN3a/82rUWRBeyBw==}
    engines: {node: ^12.20.0 || ^14.13.1 || >=16.0.0}

  dom-serializer@2.0.0:
    resolution: {integrity: sha512-wIkAryiqt/nV5EQKqQpo3SToSOV9J0DnbJqwK7Wv/Trc92zIAYZ4FlMu+JPFW1DfGFt81ZTCGgDEabffXeLyJg==}

  domelementtype@2.3.0:
    resolution: {integrity: sha512-OLETBj6w0OsagBwdXnPdN0cnMfF9opN69co+7ZrbfPGrdpPVNBUj02spi6B1N7wChLQiPn4CSH/zJvXw56gmHw==}

  domhandler@5.0.3:
    resolution: {integrity: sha512-cgwlv/1iFQiFnU96XXgROh8xTeetsnJiDsTc7TYCLFd9+/WNkIqPTxiM/8pSd8VIrhXGTf1Ny1q1hquVqDJB5w==}
    engines: {node: '>= 4'}

  domutils@3.2.2:
    resolution: {integrity: sha512-6kZKyUajlDuqlHKVX1w7gyslj9MPIXzIFiz/rGu35uC1wMi+kMhQwGhl4lt9unC9Vb9INnY9Z3/ZA3+FhASLaw==}

  entities@4.5.0:
    resolution: {integrity: sha512-V0hjH4dGPh9Ao5p0MoRY6BVqtwCjhz6vI5LT8AJ55H+4g9/4vbHx1I54fS0XuclLhDHArPQCiMjDxjaL8fPxhw==}
    engines: {node: '>=0.12'}

  mdn-data@2.0.28:
    resolution: {integrity: sha512-aylIc7Z9y4yzHYAJNuESG3hfhC+0Ibp/MAMiaOZgNv4pmEdFyfZhhhny4MNiAfWdBQ1RQ2mfDWmM1x8SvGyp8g==}

  mdn-data@2.27.1:
    resolution: {integrity: sha512-9Yubnt3e8A0OKwxYSXyhLymGW4sCufcLG6VdiDdUGVkPhpqLxlvP5vl1983gQjJl3tqbrM731mjaZaP68AgosQ==}

  nanoid@3.3.20:
    resolution: {integrity: sha512-uKdg2G3GNCKQn9byYOpxbGqrT2fGO5KRt5J/8b3pok8rT6qxGWF6hxMyJiEYtAf+FVyYuD9hRaDqX5uPFYJ4ZQ==}
    engines: {node: ^10 || ^12 || ^13.7 || ^14 || >=15.0.1}
    hasBin: true

  nth-check@2.1.1:
    resolution: {integrity: sha512-lqjrjmaOoAnWfMmBPL+XNnynZh2+swxiX3WUE0s4yEHI6m+AwrK2UZOimIRl3X/4QctVqS8AiZjFqyOGrMXb/w==}

  picocolors@1.1.1:
    resolution: {integrity: sha512-xceH2snhtb5M9liqDsmEw56le376mTZkEX/jEb/RxNFyegNul7eNslCXP9FDj/Lcu0X8KEyMceP2ntpaHrDEVA==}

  playwright-core@1.64.0:
    resolution: {integrity: sha512-T9r+MZkTECl2+oUcZ26YgZzTrYidTsIhYYkJix+6iDOymOb1FB2RLLSOxRGnZGv5DStt+aduIVbt+E8WygXYpg==}
    engines: {node: '>=20'}
    hasBin: true

  playwright@1.64.0:
    resolution: {integrity: sha512-kVzTnYFYEyQ9RGzBjNCd2+yEqWmVbxl3AHPynv3qQ6JTjv4a+kwRcnqQwIpuP3NnrnIrE/Q6wWAIAvMfIE2/Yg==}
    engines: {node: '>=20'}
    hasBin: true

  postcss-value-parser@4.2.0:
    resolution: {integrity: sha512-1NNCs6uurfkVbeXG4S8JFT9t19m45ICnif8zWLd5oPSZ50QnwMfK+H3jv408d4jw/7Bttv5axS5IiHoLaVNHeQ==}

  postcss@8.5.29:
    resolution: {integrity: sha512-49cGhUbXj8Qenv0iTMxA1cFBzxXoctpC9Ujd77t1WcbJIr6nF/eI7g/8MgxrYldFRuAXvja7xQRwavoW7kgrxQ==}
    engines: {node: ^10 || ^12 || >=14}

  sax@1.6.1:
    resolution: {integrity: sha512-42tBVwLWnaQvW5zc4HbZrTuWccECCZfBi92FDuwtqxasH+JbPB3/FOKb1m222K42R4WxuxzzMsTswfzgtSu64Q==}
    engines: {node: '>=11.0.0'}

  source-map-js@1.2.2:
    resolution: {integrity: sha512-KGj/8Y43x35aZVDtt+J4mK1hoLGHULMYfSkODJNQjNDC3oW1PqPoxMwo0pLUsWM/UEGzON/NxeHywEfNXNP3Vw==}
    engines: {node: '>=0.10.0'}

  svgo@4.1.0:
    resolution: {integrity: sha512-bkxnTg1kSU0guhIBmibA6UUhrQmPVA1XsQLN+ylCd+UWzbnLkySOcXpyk1mrl05f+pcaCx2eHb+sp6BgMZWX+Q==}
    engines: {node: '>=16'}
    hasBin: true

snapshots:

  ace-builds@1.44.0: {}

  apca-w3@0.1.9:
    dependencies:
      colorparsley: 0.1.8

  boolbase@1.0.0: {}

  colorparsley@0.1.8: {}

  commander@11.1.0: {}

  css-select@6.0.0:
    dependencies:
      boolbase: 1.0.0
      css-what: 7.0.0
      domhandler: 5.0.3
      domutils: 3.2.2
      nth-check: 2.1.1

  css-tree@2.2.1:
    dependencies:
      mdn-data: 2.0.28
      source-map-js: 1.2.2

  css-tree@3.2.1:
    dependencies:
      mdn-data: 2.27.1
      source-map-js: 1.2.2

  css-what@7.0.0: {}

  csso@5.0.5:
    dependencies:
      css-tree: 2.2.1

  culori@4.0.2: {}

  dom-serializer@2.0.0:
    dependencies:
      domelementtype: 2.3.0
      domhandler: 5.0.3
      entities: 4.5.0

  domelementtype@2.3.0: {}

  domhandler@5.0.3:
    dependencies:
      domelementtype: 2.3.0

  domutils@3.2.2:
    dependencies:
      dom-serializer: 2.0.0
      domelementtype: 2.3.0
      domhandler: 5.0.3

  entities@4.5.0: {}

  mdn-data@2.0.28: {}

  mdn-data@2.27.1: {}

  nanoid@3.3.20: {}

  nth-check@2.1.1:
    dependencies:
      boolbase: 1.0.0

  picocolors@1.1.1: {}

  playwright-core@1.64.0: {}

  playwright@1.64.0:
    dependencies:
      playwright-core: 1.64.0

  postcss-value-parser@4.2.0: {}

  postcss@8.5.29:
    dependencies:
      nanoid: 3.3.20
      picocolors: 1.1.1
      source-map-js: 1.2.2

  sax@1.6.1: {}

  source-map-js@1.2.2: {}

  svgo@4.1.0:
    dependencies:
      commander: 11.1.0
      css-select: 6.0.0
      css-tree: 3.2.1
      css-what: 7.0.0
      csso: 5.0.5
      picocolors: 1.1.1
      sax: 1.6.1
